version: 7
platforms:
- name: linux-64
  virtual-packages:
  - __unix=0=0
  - __linux=4.18
  - __glibc=2.28
  - __archspec=0=x86_64
- name: linux-aarch64
  virtual-packages:
  - __unix=0=0
  - __linux=4.18
  - __glibc=2.28
  - __archspec=0=aarch64
- name: osx-64
  virtual-packages:
  - __unix=0=0
  - __osx=13.0
  - __archspec=0=x86_64
- name: osx-arm64
  virtual-packages:
  - __unix=0=0
  - __osx=13.0
  - __archspec=0=m1
environments:
  default:
    channels:
    - url: https://conda.anaconda.org/conda-forge/
    packages:
      linux-64:
      - conda: https://conda.anaconda.org/conda-forge/linux-64/micromamba-2.9.0-0.tar.bz2
      linux-aarch64:
      - conda: https://conda.anaconda.org/conda-forge/linux-aarch64/micromamba-2.9.0-0.tar.bz2
      osx-64:
      - conda: https://conda.anaconda.org/conda-forge/osx-64/libcxx-23.1.1-h19cb2f5_0.conda
      - conda: https://conda.anaconda.org/conda-forge/osx-64/micromamba-2.9.0-0.tar.bz2
      osx-arm64:
      - conda: https://conda.anaconda.org/conda-forge/osx-arm64/libcxx-22.1.8-h55c6f16_0.conda
      - conda: https://conda.anaconda.org/conda-forge/osx-arm64/micromamba-2.9.0-0.tar.bz2
packages:
- conda: https://conda.anaconda.org/conda-forge/linux-64/micromamba-2.9.0-0.tar.bz2
  sha256: 8761c382127e6363bd9e0a2451aa3ef90d071a79133f736e2f759a3bf13040dd
  md5: f767c129850eab0c9ed2b03a523910fd
  depends:
  - __glibc >=2.17,<3.0.a0
  license: BSD-3-Clause AND MIT AND OpenSSL
  license_family: BSD
  run_exports: {}
  size: 6988090
  timestamp: 1786126242255
- conda: https://conda.anaconda.org/conda-forge/linux-aarch64/micromamba-2.9.0-0.tar.bz2
  sha256: e705ffeed90ce0659eb546e4b1e1028c9eaf0bc9cc854867b19ac5ce0ba5852f
  md5: af7c7842d7e5bf58bda2925bd064fae9
  license: BSD-3-Clause AND MIT AND OpenSSL
  license_family: BSD
  run_exports: {}
  size: 8375287
  timestamp: 1786126360083
- conda: https://conda.anaconda.org/conda-forge/osx-64/libcxx-23.1.1-h19cb2f5_0.conda
  sha256: b702c638bb8f0c6f0a5dd6941e77ca2309b73cd4e575d34b4c5b8e4d01996ccc
  md5: 23a540fb2961933d47ad411c9a679385
  depends:
  - __osx >=11.0
  license: Apache-2.0 WITH LLVM-exception
  license_family: Apache
  run_exports: {}
  size: 572932
  timestamp: 1788869719775
- conda: https://conda.anaconda.org/conda-forge/osx-64/micromamba-2.9.0-0.tar.bz2
  sha256: 0426ecdc41636d369f57b8fe6acbf4385a69eca45b56d9ee7d3a840a9965d44f
  md5: 3c44cea4a9b63670ad814156e1cb672f
  depends:
  - __osx >=11.0
  - libcxx >=19
  license: BSD-3-Clause AND MIT AND OpenSSL
  license_family: BSD
  run_exports: {}
  size: 6804238
  timestamp: 1786127097834
- conda: https://conda.anaconda.org/conda-forge/osx-arm64/libcxx-22.1.8-h55c6f16_0.conda
  sha256: a2e7abab5add9750fab064c024394de48e49f97631c605ad5db5c8ac3fc769ef
  md5: 89f76a2a21a3ec3ec983b5eb237c4113
  depends:
  - __osx >=11.0
  license: Apache-2.0 WITH LLVM-exception
  license_family: Apache
  run_exports: {}
  size: 569349
  timestamp: 1781670209146
- conda: https://conda.anaconda.org/conda-forge/osx-arm64/micromamba-2.9.0-0.tar.bz2
  sha256: 500f5074feb8d02c4296ef9921c3650ed2874171805a9fbb8fbb53896433646b
  md5: 7e00485eb3bae373eeb1121859aa3cbc
  depends:
  - __osx >=11.0
  - libcxx >=19
  license: BSD-3-Clause AND MIT AND OpenSSL
  license_family: BSD
  run_exports: {}
  size: 6648894
  timestamp: 1786127229953
